
Microsoft Visual Studio Solution File, Format Version 12.00
# Visual Studio Version 17
VisualStudioVersion = 17.0.31903.59
MinimumVisualStudioVersion = 10.0.40219.1
Project("{F2A71F9B-5D33-465A-A702-920D77279786}") = "console-app", "console-app\console-app.fsproj", "{1FFA9BA2-C72E-4A43-83CA-A9881FA31129}"
EndProject
Project("{F2A71F9B-5D33-465A-A702-920D77279786}") = "console-app-tests", "console-app-tests\console-app-tests.fsproj", "{1EBCB1DC-7C28-49FA-97DB-4D37FA3509F8}"
EndProject
Global
	GlobalSection(SolutionConfigurationPlatforms) = preSolution
		Debug|Any CPU = Debug|Any CPU
		Release|Any CPU = Release|Any CPU
	EndGlobalSection
	GlobalSection(SolutionProperties) = preSolution
		HideSolutionNode = FALSE
	EndGlobalSection
	GlobalSection(ProjectConfigurationPlatforms) = postSolution
		{1FFA9BA2-C72E-4A43-83CA-A9881FA31129}.Debug|Any CPU.ActiveCfg = Debug|Any CPU
		{1FFA9BA2-C72E-4A43-83CA-A9881FA31129}.Debug|Any CPU.Build.0 = Debug|Any CPU
		{1FFA9BA2-C72E-4A43-83CA-A9881FA31129}.Release|Any CPU.ActiveCfg = Release|Any CPU
		{1FFA9BA2-C72E-4A43-83CA-A9881FA31129}.Release|Any CPU.Build.0 = Release|Any CPU
		{1EBCB1DC-7C28-49FA-97DB-4D37FA3509F8}.Debug|Any CPU.ActiveCfg = Debug|Any CPU
		{1EBCB1DC-7C28-49FA-97DB-4D37FA3509F8}.Debug|Any CPU.Build.0 = Debug|Any CPU
		{1EBCB1DC-7C28-49FA-97DB-4D37FA3509F8}.Release|Any CPU.ActiveCfg = Release|Any CPU
		{1EBCB1DC-7C28-49FA-97DB-4D37FA3509F8}.Release|Any CPU.Build.0 = Release|Any CPU
	EndGlobalSection
EndGlobal
